// !$*UTF8*$!
{
	archiveVersion = 1;
	classes = {
	};
	objectVersion = 50;
	objects = {

/* Begin PBXBuildFile section */
		11EBBC83231F265B0063244E /* AppDelegate.swift in Sources */ = {isa = PBXBuildFile; fileRef = 11EBBC82231F265B0063244E /* AppDelegate.swift */; };
		11EBBC85231F265B0063244E /* ViewController.swift in Sources */ = {isa = PBXBuildFile; fileRef = 11EBBC84231F265B0063244E /* ViewController.swift */; };
		11EBBC88231F265B0063244E /* Main.storyboard in Resources */ = {isa = PBXBuildFile; fileRef = 11EBBC86231F265B0063244E /* Main.storyboard */; };
		11EBBC8A231F265E0063244E /* Assets.xcassets in Resources */ = {isa = PBXBuildFile; fileRef = 11EBBC89231F265E0063244E /* Assets.xcassets */; };
		11EBBC8D231F265E0063244E /* LaunchScreen.storyboard in Resources */ = {isa = PBXBuildFile; fileRef = 11EBBC8B231F265E0063244E /* LaunchScreen.storyboard */; };
		11EBBC98231F265E0063244E /* myCVTests.swift in Sources */ = {isa = PBXBuildFile; fileRef = 11EBBC97231F265E0063244E /* myCVTests.swift */; };
		11EBBCA3231F273B0063244E /* myCVViewController.swift in Sources */ = {isa = PBXBuildFile; fileRef = 11EBBCA2231F273B0063244E /* myCVViewController.swift */; };
		11F7D29123207499003FC3F3 /* SummaryViewController.swift in Sources */ = {isa = PBXBuildFile; fileRef = 11F7D29023207499003FC3F3 /* SummaryViewController.swift */; };
/* End PBXBuildFile section */

/* Begin PBXContainerItemProxy section */
		11EBBC94231F265E0063244E /* PBXContainerItemProxy */ = {
			isa = PBXContainerItemProxy;
			containerPortal = 11EBBC77231F265B0063244E /* Project object */;
			proxyType = 1;
			remoteGlobalIDString = 11EBBC7E231F265B0063244E;
			remoteInfo = myCV;
		};
/* End PBXContainerItemProxy section */

/* Begin PBXFileReference section */
		11EBBC7F231F265B0063244E /* myCV.app */ = {isa = PBXFileReference; explicitFileType = wrapper.application; includeInIndex = 0; path = myCV.app; sourceTree = BUILT_PRODUCTS_DIR; };
		11EBBC82231F265B0063244E /* AppDelegate.swift */ = {isa = PBXFileReference; lastKnownFileType = sourcecode.swift; path = AppDelegate.swift; sourceTree = "<group>"; };
		11EBBC84231F265B0063244E /* ViewController.swift */ = {isa = PBXFileReference; lastKnownFileType = sourcecode.swift; path = ViewController.swift; sourceTree = "<group>"; };
		11EBBC87231F265B0063244E /* Base */ = {isa = PBXFileReference; lastKnownFileType = file.storyboard; name = Base; path = Base.lproj/Main.storyboard; sourceTree = "<group>"; };
		11EBBC89231F265E0063244E /* Assets.xcassets */ = {isa = PBXFileReference; lastKnownFileType = folder.assetcatalog; path = Assets.xcassets; sourceTree = "<group>"; };
		11EBBC8C231F265E0063244E /* Base */ = {isa = PBXFileReference; lastKnownFileType = file.storyboard; name = Base; path = Base.lproj/LaunchScreen.storyboard; sourceTree = "<group>"; };
		11EBBC8E231F265E0063244E /* Info.plist */ = {isa = PBXFileReference; lastKnownFileType = text.plist.xml; path = Info.plist; sourceTree = "<group>"; };
		11EBBC93231F265E0063244E /* myCVTests.xctest */ = {isa = PBXFileReference; explicitFileType = wrapper.cfbundle; includeInIndex = 0; path = myCVTests.xctest; sourceTree = BUILT_PRODUCTS_DIR; };
		11EBBC97231F265E0063244E /* myCVTests.swift */ = {isa = PBXFileReference; lastKnownFileType = sourcecode.swift; path = myCVTests.swift; sourceTree = "<group>"; };
		11EBBC99231F265E0063244E /* Info.plist */ = {isa = PBXFileReference; lastKnownFileType = text.plist.xml; path = Info.plist; sourceTree = "<group>"; };
		11EBBCA2231F273B0063244E /* myCVViewController.swift */ = {isa = PBXFileReference; lastKnownFileType = sourcecode.swift; path = myCVViewController.swift; sourceTree = "<group>"; };
		11F7D29023207499003FC3F3 /* SummaryViewController.swift */ = {isa = PBXFileReference; lastKnownFileType = sourcecode.swift; path = SummaryViewController.swift; sourceTree = "<group>"; };
/* End PBXFileReference section */

/* Begin PBXFrameworksBuildPhase section */
		11EBBC7C231F265B0063244E /* Frameworks */ = {
			isa = PBXFrameworksBuildPhase;
			buildActionMask = 2147483647;
			files = (
			);
			runOnlyForDeploymentPostprocessing = 0;
		};
		11EBBC90231F265E0063244E /* Frameworks */ = {
			isa = PBXFrameworksBuildPhase;
			buildActionMask = 2147483647;
			files = (
			);
			runOnlyForDeploymentPostprocessing = 0;
		};
/* End PBXFrameworksBuildPhase section */

/* Begin PBXGroup section */
		11EBBC76231F265B0063244E = {
			isa = PBXGroup;
			children = (
				11EBBC81231F265B0063244E /* myCV */,
				11EBBC96231F265E0063244E /* myCVTests */,
				11EBBC80231F265B0063244E /* Products */,
			);
			sourceTree = "<group>";
		};
		11EBBC80231F265B0063244E /* Products */ = {
			isa = PBXGroup;
			children = (
				11EBBC7F231F265B0063244E /* myCV.app */,
				11EBBC93231F265E0063244E /* myCVTests.xctest */,
			);
			name = Products;
			sourceTree = "<group>";
		};
		11EBBC81231F265B0063244E /* myCV */ = {
			isa = PBXGroup;
			children = (
				11EBBC82231F265B0063244E /* AppDelegate.swift */,
				11EBBC84231F265B0063244E /* ViewController.swift */,
				11EBBC86231F265B0063244E /* Main.storyboard */,
				11F7D29023207499003FC3F3 /* SummaryViewController.swift */,
				11EBBCA2231F273B0063244E /* myCVViewController.swift */,
				11EBBC89231F265E0063244E /* Assets.xcassets */,
				11EBBC8B231F265E0063244E /* LaunchScreen.storyboard */,
				11EBBC8E231F265E0063244E /* Info.plist */,
			);
			path = myCV;
			sourceTree = "<group>";
		};
		11EBBC96231F265E0063244E /* myCVTests */ = {
			isa = PBXGroup;
			children = (
				11EBBC97231F265E0063244E /* myCVTests.swift */,
				11EBBC99231F265E0063244E /* Info.plist */,
			);
			path = myCVTests;
			sourceTree = "<group>";
		};
/* End PBXGroup section */

/* Begin PBXNativeTarget section */
		11EBBC7E231F265B0063244E /* myCV */ = {
			isa = PBXNativeTarget;
			buildConfigurationList = 11EBBC9C231F265E0063244E /* Build configuration list for PBXNativeTarget "myCV" */;
			buildPhases = (
				11EBBC7B231F265B0063244E /* Sources */,
				11EBBC7C231F265B0063244E /* Frameworks */,
				11EBBC7D231F265B0063244E /* Resources */,
			);
			buildRules = (
			);
			dependencies = (
			);
			name = myCV;
			productName = myCV;
			productReference = 11EBBC7F231F265B0063244E /* myCV.app */;
			productType = "com.apple.product-type.application";
		};
		11EBBC92231F265E0063244E /* myCVTests */ = {
			isa = PBXNativeTarget;
			buildConfigurationList = 11EBBC9F231F265E0063244E /* Build configuration list for PBXNativeTarget "myCVTests" */;
			buildPhases = (
				11EBBC8F231F265E0063244E /* Sources */,
				11EBBC90231F265E0063244E /* Frameworks */,
				11EBBC91231F265E0063244E /* Resources */,
			);
			buildRules = (
			);
			dependencies = (
				11EBBC95231F265E0063244E /* PBXTargetDependency */,
			);
			name = myCVTests;
			productName = myCVTests;
			productReference = 11EBBC93231F265E0063244E /* myCVTests.xctest */;
			productType = "com.apple.product-type.bundle.unit-test";
		};
/* End PBXNativeTarget section */

/* Begin PBXProject section */
		11EBBC77231F265B0063244E /* Project object */ = {
			isa = PBXProject;
			attributes = {
				LastSwiftUpdateCheck = 1030;
				LastUpgradeCheck = 1030;
				ORGANIZATIONNAME = "Sandy Lee";
				TargetAttributes = {
					11EBBC7E231F265B0063244E = {
						CreatedOnToolsVersion = 10.3;
					};
					11EBBC92231F265E0063244E = {
						CreatedOnToolsVersion = 10.3;
						TestTargetID = 11EBBC7E231F265B0063244E;
					};
				};
			};
			buildConfigurationList = 11EBBC7A231F265B0063244E /* Build configuration list for PBXProject "myCV" */;
			compatibilityVersion = "Xcode 9.3";
			developmentRegion = en;
			hasScannedForEncodings = 0;
			knownRegions = (
				en,
				Base,
			);
			mainGroup = 11EBBC76231F265B0063244E;
			productRefGroup = 11EBBC80231F265B0063244E /* Products */;
			projectDirPath = "";
			projectRoot = "";
			targets = (
				11EBBC7E231F265B0063244E /* myCV */,
				11EBBC92231F265E0063244E /* myCVTests */,
			);
		};
/* End PBXProject section */

/* Begin PBXResourcesBuildPhase section */
		11EBBC7D231F265B0063244E /* Resources */ = {
			isa = PBXResourcesBuildPhase;
			buildActionMask = 2147483647;
			files = (
				11EBBC8D231F265E0063244E /* LaunchScreen.storyboard in Resources */,
				11EBBC8A231F265E0063244E /* Assets.xcassets in Resources */,
				11EBBC88231F265B0063244E /* Main.storyboard in Resources */,
			);
			runOnlyForDeploymentPostprocessing = 0;
		};
		11EBBC91231F265E0063244E /* Resources */ = {
			isa = PBXResourcesBuildPhase;
			buildActionMask = 2147483647;
			files = (
			);
			runOnlyForDeploymentPostprocessing = 0;
		};
/* End PBXResourcesBuildPhase section */

/* Begin PBXSourcesBuildPhase section */
		11EBBC7B231F265B0063244E /* Sources */ = {
			isa = PBXSourcesBuildPhase;
			buildActionMask = 2147483647;
			files = (
				11EBBC85231F265B0063244E /* ViewController.swift in Sources */,
				11EBBCA3231F273B0063244E /* myCVViewController.swift in Sources */,
				11EBBC83231F265B0063244E /* AppDelegate.swift in Sources */,
				11F7D29123207499003FC3F3 /* SummaryViewController.swift in Sources */,
			);
			runOnlyForDeploymentPostprocessing = 0;
		};
		11EBBC8F231F265E0063244E /* Sources */ = {
			isa = PBXSourcesBuildPhase;
			buildActionMask = 2147483647;
			files = (
				11EBBC98231F265E0063244E /* myCVTests.swift in Sources */,
			);
			runOnlyForDeploymentPostprocessing = 0;
		};
/* End PBXSourcesBuildPhase section */

/* Begin PBXTargetDependency section */
		11EBBC95231F265E0063244E /* PBXTargetDependency */ = {
			isa = PBXTargetDependency;
			target = 11EBBC7E231F265B0063244E /* myCV */;
			targetProxy = 11EBBC94231F265E0063244E /* PBXContainerItemProxy */;
		};
/* End PBXTargetDependency section */

/* Begin PBXVariantGroup section */
		11EBBC86231F265B0063244E /* Main.storyboard */ = {
			isa = PBXVariantGroup;
			children = (
				11EBBC87231F265B0063244E /* Base */,
			);
			name = Main.storyboard;
			sourceTree = "<group>";
		};
		11EBBC8B231F265E0063244E /* LaunchScreen.storyboard */ = {
			isa = PBXVariantGroup;
			children = (
				11EBBC8C231F265E0063244E /* Base */,
			);
			name = LaunchScreen.storyboard;
			sourceTree = "<group>";
		};
/* End PBXVariantGroup section */

/* Begin XCBuildConfiguration section */
		11EBBC9A231F265E0063244E /* Debug */ = {
			isa = XCBuildConfiguration;
			buildSettings = {
				ALWAYS_SEARCH_USER_PATHS = NO;
				CLANG_ANALYZER_NONNULL = YES;
				CLANG_ANALYZER_NUMBER_OBJECT_CONVERSION = YES_AGGRESSIVE;
				CLANG_CXX_LANGUAGE_STANDARD = "gnu++14";
				CLANG_CXX_LIBRARY = "libc++";
				CLANG_ENABLE_MODULES = YES;
				CLANG_ENABLE_OBJC_ARC = YES;
				CLANG_ENABLE_OBJC_WEAK = YES;
				CLANG_WARN_BLOCK_CAPTURE_AUTORELEASING = YES;
				CLANG_WARN_BOOL_CONVERSION = YES;
				CLANG_WARN_COMMA = YES;
				CLANG_WARN_CONSTANT_CONVERSION = YES;
				CLANG_WARN_DEPRECATED_OBJC_IMPLEMENTATIONS = YES;
				CLANG_WARN_DIRECT_OBJC_ISA_USAGE = YES_ERROR;
				CLANG_WARN_DOCUMENTATION_COMMENTS = YES;
				CLANG_WARN_EMPTY_BODY = YES;
				CLANG_WARN_ENUM_CONVERSION = YES;
				CLANG_WARN_INFINITE_RECURSION = YES;
				CLANG_WARN_INT_CONVERSION = YES;
				CLANG_WARN_NON_LITERAL_NULL_CONVERSION = YES;
				CLANG_WARN_OBJC_IMPLICIT_RETAIN_SELF = YES;
				CLANG_WARN_OBJC_LITERAL_CONVERSION = YES;
				CLANG_WARN_OBJC_ROOT_CLASS = YES_ERROR;
				CLANG_WARN_RANGE_LOOP_ANALYSIS = YES;
				CLANG_WARN_STRICT_PROTOTYPES = YES;
				CLANG_WARN_SUSPICIOUS_MOVE = YES;
				CLANG_WARN_UNGUARDED_AVAILABILITY = YES_AGGRESSIVE;
				CLANG_WARN_UNREACHABLE_CODE = YES;
				CLANG_WARN__DUPLICATE_METHOD_MATCH = YES;
				CODE_SIGN_IDENTITY = "iPhone Developer";
				COPY_PHASE_STRIP = NO;
				DEBUG_INFORMATION_FORMAT = dwarf;
				ENABLE_STRICT_OBJC_MSGSEND = YES;
				ENABLE_TESTABILITY = YES;
				GCC_C_LANGUAGE_STANDARD = gnu11;
				GCC_DYNAMIC_NO_PIC = NO;
				GCC_NO_COMMON_BLOCKS = YES;
				GCC_OPTIMIZATION_LEVEL = 0;
				GCC_PREPROCESSOR_DEFINITIONS = (
					"DEBUG=1",
					"$(inherited)",
				);
				GCC_WARN_64_TO_32_BIT_CONVERSION = YES;
				GCC_WARN_ABOUT_RETURN_TYPE = YES_ERROR;
				GCC_WARN_UNDECLARED_SELECTOR = YES;
				GCC_WARN_UNINITIALIZED_AUTOS = YES_AGGRESSIVE;
				GCC_WARN_UNUSED_FUNCTION = YES;
				GCC_WARN_UNUSED_VARIABLE = YES;
				IPHONEOS_DEPLOYMENT_TARGET = 12.4;
				MTL_ENABLE_DEBUG_INFO = INCLUDE_SOURCE;
				MTL_FAST_MATH = YES;
				ONLY_ACTIVE_ARCH = YES;
				SDKROOT = iphoneos;
				SWIFT_ACTIVE_COMPILATION_CONDITIONS = DEBUG;
				SWIFT_OPTIMIZATION_LEVEL = "-Onone";
			};
			name = Debug;
		};
		11EBBC9B231F265E0063244E /* Release */ = {
			isa = XCBuildConfiguration;
			buildSettings = {
				ALWAYS_SEARCH_USER_PATHS = NO;
				CLANG_ANALYZER_NONNULL = YES;
				CLANG_ANALYZER_NUMBER_OBJECT_CONVERSION = YES_AGGRESSIVE;
				CLANG_CXX_LANGUAGE_STANDARD = "gnu++14";
				CLANG_CXX_LIBRARY = "libc++";
				CLANG_ENABLE_MODULES = YES;
				CLANG_ENABLE_OBJC_ARC = YES;
				CLANG_ENABLE_OBJC_WEAK = YES;
				CLANG_WARN_BLOCK_CAPTURE_AUTORELEASING = YES;
				CLANG_WARN_BOOL_CONVERSION = YES;
				CLANG_WARN_COMMA = YES;
				CLANG_WARN_CONSTANT_CONVERSION = YES;
				CLANG_WARN_DEPRECATED_OBJC_IMPLEMENTATIONS = YES;
				CLANG_WARN_DIRECT_OBJC_ISA_USAGE = YES_ERROR;
				CLANG_WARN_DOCUMENTATION_COMMENTS = YES;
				CLANG_WARN_EMPTY_BODY = YES;
				CLANG_WARN_ENUM_CONVERSION = YES;
				CLANG_WARN_INFINITE_RECURSION = YES;
				CLANG_WARN_INT_CONVERSION = YES;
				CLANG_WARN_NON_LITERAL_NULL_CONVERSION = YES;
				CLANG_WARN_OBJC_IMPLICIT_RETAIN_SELF = YES;
				CLANG_WARN_OBJC_LITERAL_CONVERSION = YES;
				CLANG_WARN_OBJC_ROOT_CLASS = YES_ERROR;
				CLANG_WARN_RANGE_LOOP_ANALYSIS = YES;
				CLANG_WARN_STRICT_PROTOTYPES = YES;
				CLANG_WARN_SUSPICIOUS_MOVE = YES;
				CLANG_WARN_UNGUARDED_AVAILABILITY = YES_AGGRESSIVE;
				CLANG_WARN_UNREACHABLE_CODE = YES;
				CLANG_WARN__DUPLICATE_METHOD_MATCH = YES;
				CODE_SIGN_IDENTITY = "iPhone Developer";
				COPY_PHASE_STRIP = NO;
				DEBUG_INFORMATION_FORMAT = "dwarf-with-dsym";
				ENABLE_NS_ASSERTIONS = NO;
				ENABLE_STRICT_OBJC_MSGSEND = YES;
				GCC_C_LANGUAGE_STANDARD = gnu11;
				GCC_NO_COMMON_BLOCKS = YES;
				GCC_WARN_64_TO_32_BIT_CONVERSION = YES;
				GCC_WARN_ABOUT_RETURN_TYPE = YES_ERROR;
				GCC_WARN_UNDECLARED_SELECTOR = YES;
				GCC_WARN_UNINITIALIZED_AUTOS = YES_AGGRESSIVE;
				GCC_WARN_UNUSED_FUNCTION = YES;
				GCC_WARN_UNUSED_VARIABLE = YES;
				IPHONEOS_DEPLOYMENT_TARGET = 12.4;
				MTL_ENABLE_DEBUG_INFO = NO;
				MTL_FAST_MATH = YES;
				SDKROOT = iphoneos;
				SWIFT_COMPILATION_MODE = wholemodule;
				SWIFT_OPTIMIZATION_LEVEL = "-O";
				VALIDATE_PRODUCT = YES;
			};
			name = Release;
		};
		11EBBC9D231F265E0063244E /* Debug */ = {
			isa = XCBuildConfiguration;
			buildSettings = {
				ASSETCATALOG_COMPILER_APPICON_NAME = AppIcon;
				CODE_SIGN_STYLE = Automatic;
				DEVELOPMENT_TEAM = Q92VVSK64B;
				INFOPLIST_FILE = myCV/Info.plist;
				LD_RUNPATH_SEARCH_PATHS = (
					"$(inherited)",
					"@executable_path/Frameworks",
				);
				PRODUCT_BUNDLE_IDENTIFIER = ca.com.fslee18.myCV;
				PRODUCT_NAME = "$(TARGET_NAME)";
				SWIFT_VERSION = 5.0;
				TARGETED_DEVICE_FAMILY = "1,2";
			};
			name = Debug;
		};
		11EBBC9E231F265E0063244E /* Release */ = {
			isa = XCBuildConfiguration;
			buildSettings = {
				ASSETCATALOG_COMPILER_APPICON_NAME = AppIcon;
				CODE_SIGN_STYLE = Automatic;
				DEVELOPMENT_TEAM = Q92VVSK64B;
				INFOPLIST_FILE = myCV/Info.plist;
				LD_RUNPATH_SEARCH_PATHS = (
					"$(inherited)",
					"@executable_path/Frameworks",
				);
				PRODUCT_BUNDLE_IDENTIFIER = ca.com.fslee18.myCV;
				PRODUCT_NAME = "$(TARGET_NAME)";
				SWIFT_VERSION = 5.0;
				TARGETED_DEVICE_FAMILY = "1,2";
			};
			name = Release;
		};
		11EBBCA0231F265E0063244E /* Debug */ = {
			isa = XCBuildConfiguration;
			buildSettings = {
				ALWAYS_EMBED_SWIFT_STANDARD_LIBRARIES = YES;
				BUNDLE_LOADER = "$(TEST_HOST)";
				CODE_SIGN_STYLE = Automatic;
				DEVELOPMENT_TEAM = Q92VVSK64B;
				INFOPLIST_FILE = myCVTests/Info.plist;
				LD_RUNPATH_SEARCH_PATHS = (
					"$(inherited)",
					"@executable_path/Frameworks",
					"@loader_path/Frameworks",
				);
				PRODUCT_BUNDLE_IDENTIFIER = ca.com.fslee18.myCVTests;
				PRODUCT_NAME = "$(TARGET_NAME)";
				SWIFT_VERSION = 5.0;
				TARGETED_DEVICE_FAMILY = "1,2";
				TEST_HOST = "$(BUILT_PRODUCTS_DIR)/myCV.app/myCV";
			};
			name = Debug;
		};
		11EBBCA1231F265E0063244E /* Release */ = {
			isa = XCBuildConfiguration;
			buildSettings = {
				ALWAYS_EMBED_SWIFT_STANDARD_LIBRARIES = YES;
				BUNDLE_LOADER = "$(TEST_HOST)";
				CODE_SIGN_STYLE = Automatic;
				DEVELOPMENT_TEAM = Q92VVSK64B;
				INFOPLIST_FILE = myCVTests/Info.plist;
				LD_RUNPATH_SEARCH_PATHS = (
					"$(inherited)",
					"@executable_path/Frameworks",
					"@loader_path/Frameworks",
				);
				PRODUCT_BUNDLE_IDENTIFIER = ca.com.fslee18.myCVTests;
				PRODUCT_NAME = "$(TARGET_NAME)";
				SWIFT_VERSION = 5.0;
				TARGETED_DEVICE_FAMILY = "1,2";
				TEST_HOST = "$(BUILT_PRODUCTS_DIR)/myCV.app/myCV";
			};
			name = Release;
		};
/* End XCBuildConfiguration section */

/* Begin XCConfigurationList section */
		11EBBC7A231F265B0063244E /* Build configuration list for PBXProject "myCV" */ = {
			isa = XCConfigurationList;
			buildConfigurations = (
				11EBBC9A231F265E0063244E /* Debug */,
				11EBBC9B231F265E0063244E /* Release */,
			);
			defaultConfigurationIsVisible = 0;
			defaultConfigurationName = Release;
		};
		11EBBC9C231F265E0063244E /* Build configuration list for PBXNativeTarget "myCV" */ = {
			isa = XCConfigurationList;
			buildConfigurations = (
				11EBBC9D231F265E0063244E /* Debug */,
				11EBBC9E231F265E0063244E /* Release */,
			);
			defaultConfigurationIsVisible = 0;
			defaultConfigurationName = Release;
		};
		11EBBC9F231F265E0063244E /* Build configuration list for PBXNativeTarget "myCVTests" */ = {
			isa = XCConfigurationList;
			buildConfigurations = (
				11EBBCA0231F265E0063244E /* Debug */,
				11EBBCA1231F265E0063244E /* Release */,
			);
			defaultConfigurationIsVisible = 0;
			defaultConfigurationName = Release;
		};
/* End XCConfigurationList section */
	};
	rootObject = 11EBBC77231F265B0063244E /* Project object */;
}
